
Microsoft Visual Studio Solution File, Format Version 12.00
# Visual Studio Version 17
VisualStudioVersion = 17.0.32126.317
MinimumVisualStudioVersion = 10.0.40219.1
Project("{FAE04EC0-301F-11D3-BF4B-00C04F79EFBC}") = "PRJGet1000", "PRJGet1000\PRJGet1000.csproj", "{3E0041FB-5592-4ACE-BF66-D68D5CD1702B}"
EndProject
Global
	GlobalSection(SolutionConfigurationPlatforms) = preSolution
		Debug|Any CPU = Debug|Any CPU
		Release|Any CPU = Release|Any CPU
	EndGlobalSection
	GlobalSection(ProjectConfigurationPlatforms) = postSolution
		{3E0041FB-5592-4ACE-BF66-D68D5CD1702B}.Debug|Any CPU.ActiveCfg = Debug|Any CPU
		{3E0041FB-5592-4ACE-BF66-D68D5CD1702B}.Debug|Any CPU.Build.0 = Debug|Any CPU
		{3E0041FB-5592-4ACE-BF66-D68D5CD1702B}.Release|Any CPU.ActiveCfg = Release|Any CPU
		{3E0041FB-5592-4ACE-BF66-D68D5CD1702B}.Release|Any CPU.Build.0 = Release|Any CPU
	EndGlobalSection
	GlobalSection(SolutionProperties) = preSolution
		HideSolutionNode = FALSE
	EndGlobalSection
	GlobalSection(ExtensibilityGlobals) = postSolution
		SolutionGuid = {FFC24BA7-9321-4AC6-BA3E-1CE3D5DB9B3D}
	EndGlobalSection
EndGlobal
